// !$*UTF8*$!
{
	archiveVersion = 1;
	classes = {
	};
	objectVersion = 46;
	objects = {
/* Begin PBXBuildFile section */
		06468D5EDB9446F9B0DD8F7F /* FontAwesome.ttf in Resources */ = {isa = PBXBuildFile; fileRef = EB50FC8F61E0417689BB9507 /* FontAwesome.ttf */; };
		075ED0C4736C4A5BB10A2433 /* SimpleLineIcons.ttf in Resources */ = {isa = PBXBuildFile; fileRef = 4F2C52EC8D5A4222A63D7AF7 /* SimpleLineIcons.ttf */; };
		10EA576C894A47BDA1910131 /* MaterialIcons.ttf in Resources */ = {isa = PBXBuildFile; fileRef = 485388B6A1034206B868CC05 /* MaterialIcons.ttf */; };
		1CB2A092F79B4B71AFC44DEC /* libRNVectorIcons.a in Frameworks */ = {isa = PBXBuildFile; fileRef = F4936B4EFD1D48238323CFE6 /* libRNVectorIcons.a */; };
		26A1278ABE0940E3BF293629 /* Zocial.ttf in Resources */ = {isa = PBXBuildFile; fileRef = AFB3D5BA88584E85B110E20D /* Zocial.ttf */; };
		2FB4CA6DDDBB48D6A70BD73B /* Roboto_medium.ttf in Resources */ = {isa = PBXBuildFile; fileRef = 21524D805BC1453E993F7591 /* Roboto_medium.ttf */; };
		372853451F745D1F00F98980 /* libReact.a in Frameworks */ = {isa = PBXBuildFile; fileRef = 372853441F745D1F00F98980 /* libReact.a */; };
		481CA937FCBD4ED7A822BCB5 /* Octicons.ttf in Resources */ = {isa = PBXBuildFile; fileRef = A42878FF906F41F793EDEA83 /* Octicons.ttf */; };
		4862E83088D347D89505DDF1 /* Ionicons.ttf in Resources */ = {isa = PBXBuildFile; fileRef = AEC3080DB16F4CF0BF1E75D9 /* Ionicons.ttf */; };
		5CC131C494344F12B43AF9DB /* libRNRandomBytes.a in Frameworks */ = {isa = PBXBuildFile; fileRef = 7A07819C12494A67ABC056B4 /* libRNRandomBytes.a */; };
		6AE1C583B5CD45ADA26A0B29 /* libUdpSockets.a in Frameworks */ = {isa = PBXBuildFile; fileRef = 9405EBC944D0455D865415ED /* libUdpSockets.a */; };
		6DEA612AD75542DEB058B501 /* EvilIcons.ttf in Resources */ = {isa = PBXBuildFile; fileRef = B1A7161C98984F2A83AA83B4 /* EvilIcons.ttf */; };
		781A3CBD4658432AA04E4DBC /* Roboto.ttf in Resources */ = {isa = PBXBuildFile; fileRef = 35B4B67C8B8B43F4820C0F3F /* Roboto.ttf */; };
		7C44E4DEAD544AB7829C0EB2 /* Ionicons.ttf in Resources */ = {isa = PBXBuildFile; fileRef = 01DDF466908F42CAB2445C5C /* Ionicons.ttf */; };
		87D8BBB716144B06ACF8748A /* MaterialIcons.ttf in Resources */ = {isa = PBXBuildFile; fileRef = 92A8CD45163B4EC388BFCB12 /* MaterialIcons.ttf */; };
		8B9EB0C416454057B56F3851 /* SimpleLineIcons.ttf in Resources */ = {isa = PBXBuildFile; fileRef = 1BF950465D8E4002A5105F86 /* SimpleLineIcons.ttf */; };
		98B0E5C413F94E91B1B3FD12 /* Feather.ttf in Resources */ = {isa = PBXBuildFile; fileRef = 158D75D7F75943999E3DB63C /* Feather.ttf */; };
		9C251955C0A645CF81C0DAF1 /* EvilIcons.ttf in Resources */ = {isa = PBXBuildFile; fileRef = E9C7D0DDF1794C9E8A129837 /* EvilIcons.ttf */; };
		9F68313CE43E493BA5B74A94 /* rubicon-icon-font.ttf in Resources */ = {isa = PBXBuildFile; fileRef = A80D8D0722CF4E8DA1E80D56 /* rubicon-icon-font.ttf */; };
		A89E0F8C42584FC7A54C41D6 /* Entypo.ttf in Resources */ = {isa = PBXBuildFile; fileRef = 611277C6194A4BADAD69BD4F /* Entypo.ttf */; };
		B501732B1DC01252003445D9 /* EXShell.plist in Resources */ = {isa = PBXBuildFile; fileRef = B501732A1DC01252003445D9 /* EXShell.plist */; };
		B56386491DB9693800A0598C /* AppDelegate.m in Sources */ = {isa = PBXBuildFile; fileRef = B56386481DB9693800A0598C /* AppDelegate.m */; };
		B56386511DB9693800A0598C /* Assets.xcassets in Resources */ = {isa = PBXBuildFile; fileRef = B56386501DB9693800A0598C /* Assets.xcassets */; };
		B56386601DB96A5E00A0598C /* LaunchScreen.storyboard in Resources */ = {isa = PBXBuildFile; fileRef = B563865D1DB96A5E00A0598C /* LaunchScreen.storyboard */; };
		B56386611DB96A5E00A0598C /* main.m in Sources */ = {isa = PBXBuildFile; fileRef = B563865E1DB96A5E00A0598C /* main.m */; };
		B56386671DB9994300A0598C /* EXSDKVersions.plist in Resources */ = {isa = PBXBuildFile; fileRef = B56386661DB9994300A0598C /* EXSDKVersions.plist */; };
		B56AC1081E417996005C22D6 /* kernel-manifest.json in Resources */ = {isa = PBXBuildFile; fileRef = B56AC1071E417996005C22D6 /* kernel-manifest.json */; };
		B5CFBF4F1EDE419400B4BE24 /* EXBuildConstants.plist in Resources */ = {isa = PBXBuildFile; fileRef = B5CFBF4E1EDE419400B4BE24 /* EXBuildConstants.plist */; };
		B5DB04801F3A684600E91581 /* shell-app-manifest.json in Resources */ = {isa = PBXBuildFile; fileRef = B5DB047E1F3A684600E91581 /* shell-app-manifest.json */; };
		B5DB04811F3A684600E91581 /* shell-app.bundle in Resources */ = {isa = PBXBuildFile; fileRef = B5DB047F1F3A684600E91581 /* shell-app.bundle */; };
		B7716893AAD641A19BD5D5C0 /* libRNOS.a in Frameworks */ = {isa = PBXBuildFile; fileRef = 8CDDCFF534074CDE83A12C45 /* libRNOS.a */; };
		C77D20DE638A4D7ABBAD124F /* libTcpSockets.a in Frameworks */ = {isa = PBXBuildFile; fileRef = 339E8AA3EE75402B92C6E3E6 /* libTcpSockets.a */; };
		CCC0D38BA0B343F585308C71 /* Zocial.ttf in Resources */ = {isa = PBXBuildFile; fileRef = E4F2668CCC054CBC8C93049A /* Zocial.ttf */; };
		CD69E77A03DB45029C180E0B /* Foundation.ttf in Resources */ = {isa = PBXBuildFile; fileRef = F426F4838CAE4BE7BEBFB061 /* Foundation.ttf */; };
		D32C807D517E4DE69E0F2CEB /* Entypo.ttf in Resources */ = {isa = PBXBuildFile; fileRef = B850F02FB1604E9CABB704D8 /* Entypo.ttf */; };
		DC23AEE798924F9BB4A36ACC /* FontAwesome.ttf in Resources */ = {isa = PBXBuildFile; fileRef = 1F4FF4ACE36D4D62AF6D67AB /* FontAwesome.ttf */; };
		DC966CA48FFB49108751D8D4 /* Octicons.ttf in Resources */ = {isa = PBXBuildFile; fileRef = A361AFA68C16488AA6D41C19 /* Octicons.ttf */; };
		DF7C7F7E367D40B1B0217F58 /* Foundation.ttf in Resources */ = {isa = PBXBuildFile; fileRef = 1CC4FE2AADDA4B95910F70E8 /* Foundation.ttf */; };
		EBB8117C1BFA0514F79CAF74 /* libPods-divvi.a in Frameworks */ = {isa = PBXBuildFile; fileRef = C4A88D15726AD99E8A257BC7 /* libPods-divvi.a */; };
		FA271E692E6E44C684197087 /* MaterialCommunityIcons.ttf in Resources */ = {isa = PBXBuildFile; fileRef = 45FB6991D1124B86847C55F3 /* MaterialCommunityIcons.ttf */; };
/* End PBXBuildFile section */

/* Begin PBXContainerItemProxy section */
		37580FB11F74781E00F46E1E /* PBXContainerItemProxy */ = {
			isa = PBXContainerItemProxy;
			containerPortal = 37580FA21F74781E00F46E1E /* React.xcodeproj */;
			proxyType = 2;
			remoteGlobalIDString = 83CBBA2E1A601D0E00E9B192;
			remoteInfo = React;
		};
		37580FB31F74781E00F46E1E /* PBXContainerItemProxy */ = {
			isa = PBXContainerItemProxy;
			containerPortal = 37580FA21F74781E00F46E1E /* React.xcodeproj */;
			proxyType = 2;
			remoteGlobalIDString = 2D2A28131D9B038B00D4039D;
			remoteInfo = "React-tvOS";
		};
		37580FB51F74781E00F46E1E /* PBXContainerItemProxy */ = {
			isa = PBXContainerItemProxy;
			containerPortal = 37580FA21F74781E00F46E1E /* React.xcodeproj */;
			proxyType = 2;
			remoteGlobalIDString = 3D3C059A1DE3340900C268FA;
			remoteInfo = yoga;
		};
		37580FB71F74781E00F46E1E /* PBXContainerItemProxy */ = {
			isa = PBXContainerItemProxy;
			containerPortal = 37580FA21F74781E00F46E1E /* React.xcodeproj */;
			proxyType = 2;
			remoteGlobalIDString = 3D3C06751DE3340C00C268FA;
			remoteInfo = "yoga-tvOS";
		};
		37580FB91F74781E00F46E1E /* PBXContainerItemProxy */ = {
			isa = PBXContainerItemProxy;
			containerPortal = 37580FA21F74781E00F46E1E /* React.xcodeproj */;
			proxyType = 2;
			remoteGlobalIDString = 3D3CD9251DE5FBEC00167DC4;
			remoteInfo = cxxreact;
		};
		37580FBB1F74781E00F46E1E /* PBXContainerItemProxy */ = {
			isa = PBXContainerItemProxy;
			containerPortal = 37580FA21F74781E00F46E1E /* React.xcodeproj */;
			proxyType = 2;
			remoteGlobalIDString = 3D3CD9321DE5FBEE00167DC4;
			remoteInfo = "cxxreact-tvOS";
		};
		37580FBD1F74781E00F46E1E /* PBXContainerItemProxy */ = {
			isa = PBXContainerItemProxy;
			containerPortal = 37580FA21F74781E00F46E1E /* React.xcodeproj */;
			proxyType = 2;
			remoteGlobalIDString = 3D3CD90B1DE5FBD600167DC4;
			remoteInfo = jschelpers;
		};
		37580FBF1F74781E00F46E1E /* PBXContainerItemProxy */ = {
			isa = PBXContainerItemProxy;
			containerPortal = 37580FA21F74781E00F46E1E /* React.xcodeproj */;
			proxyType = 2;
			remoteGlobalIDString = 3D3CD9181DE5FBD800167DC4;
			remoteInfo = "jschelpers-tvOS";
		};
		37580FC11F74781E00F46E1E /* PBXContainerItemProxy */ = {
			isa = PBXContainerItemProxy;
			containerPortal = 37580FA21F74781E00F46E1E /* React.xcodeproj */;
			proxyType = 2;
			remoteGlobalIDString = 139D7ECE1E25DB7D00323FB7;
			remoteInfo = "third-party";
		};
		37580FC31F74781E00F46E1E /* PBXContainerItemProxy */ = {
			isa = PBXContainerItemProxy;
			containerPortal = 37580FA21F74781E00F46E1E /* React.xcodeproj */;
			proxyType = 2;
			remoteGlobalIDString = 3D383D3C1EBD27B6005632C8;
			remoteInfo = "third-party-tvOS";
		};
		37580FC51F74781E00F46E1E /* PBXContainerItemProxy */ = {
			isa = PBXContainerItemProxy;
			containerPortal = 37580FA21F74781E00F46E1E /* React.xcodeproj */;
			proxyType = 2;
			remoteGlobalIDString = 139D7E881E25C6D100323FB7;
			remoteInfo = "double-conversion";
		};
		37580FC71F74781E00F46E1E /* PBXContainerItemProxy */ = {
			isa = PBXContainerItemProxy;
			containerPortal = 37580FA21F74781E00F46E1E /* React.xcodeproj */;
			proxyType = 2;
			remoteGlobalIDString = 3D383D621EBD27B9005632C8;
			remoteInfo = "double-conversion-tvOS";
		};
		3760A3101F742E09000C0458 /* PBXContainerItemProxy */ = {
			isa = PBXContainerItemProxy;
			containerPortal = 556367B9D9024D25BFEE089A /* RNOS.xcodeproj */;
			proxyType = 2;
			remoteGlobalIDString = 134814201AA4EA6300B7C361;
			remoteInfo = RNOS;
		};
		3760A31D1F742E09000C0458 /* PBXContainerItemProxy */ = {
			isa = PBXContainerItemProxy;
			containerPortal = 641C20E28FA3452FB999EEC4 /* RNVectorIcons.xcodeproj */;
			proxyType = 2;
			remoteGlobalIDString = 5DBEB1501B18CEA900B34395;
			remoteInfo = RNVectorIcons;
		};
		3760A3201F742E09000C0458 /* PBXContainerItemProxy */ = {
			isa = PBXContainerItemProxy;
			containerPortal = 2E0422A1F89C4419AEA45F51 /* TcpSockets.xcodeproj */;
			proxyType = 2;
			remoteGlobalIDString = 134814201AA4EA6300B7C361;
			remoteInfo = TcpSockets;
		};
		377EC4D61F74583D00F495DB /* PBXContainerItemProxy */ = {
			isa = PBXContainerItemProxy;
			containerPortal = 1C96D2D5DDB440DABCD1F5BF /* RNRandomBytes.xcodeproj */;
			proxyType = 2;
			remoteGlobalIDString = 73EEC9391BFE4B1D00D468EB;
			remoteInfo = RNRandomBytes;
		};
		377EC4DB1F74583D00F495DB /* PBXContainerItemProxy */ = {
			isa = PBXContainerItemProxy;
			containerPortal = 2DC7B7B88BD8446F833BE637 /* UdpSockets.xcodeproj */;
			proxyType = 2;
			remoteGlobalIDString = 134814201AA4EA6300B7C361;
			remoteInfo = UdpSockets;
		};
/* End PBXContainerItemProxy section */

/* Begin PBXFileReference section */
		01DDF466908F42CAB2445C5C /* Ionicons.ttf */ = {isa = PBXFileReference; explicitFileType = undefined; fileEncoding = 9; includeInIndex = 0; lastKnownFileType = unknown; name = Ionicons.ttf; path = "../node_modules/react-native-vector-icons/Fonts/Ionicons.ttf"; sourceTree = "<group>"; };
		158D75D7F75943999E3DB63C /* Feather.ttf */ = {isa = PBXFileReference; explicitFileType = undefined; fileEncoding = 9; includeInIndex = 0; lastKnownFileType = unknown; name = Feather.ttf; path = "../node_modules/react-native-vector-icons/Fonts/Feather.ttf"; sourceTree = "<group>"; };
		1BF950465D8E4002A5105F86 /* SimpleLineIcons.ttf */ = {isa = PBXFileReference; explicitFileType = undefined; fileEncoding = 9; includeInIndex = 0; lastKnownFileType = unknown; name = SimpleLineIcons.ttf; path = "../node_modules/native-base/Fonts/SimpleLineIcons.ttf"; sourceTree = "<group>"; };
		1C96D2D5DDB440DABCD1F5BF /* RNRandomBytes.xcodeproj */ = {isa = PBXFileReference; explicitFileType = undefined; fileEncoding = 9; includeInIndex = 0; lastKnownFileType = "wrapper.pb-project"; name = RNRandomBytes.xcodeproj; path = "../node_modules/react-native-randombytes/RNRandomBytes.xcodeproj"; sourceTree = "<group>"; };
		1CC4FE2AADDA4B95910F70E8 /* Foundation.ttf */ = {isa = PBXFileReference; explicitFileType = undefined; fileEncoding = 9; includeInIndex = 0; lastKnownFileType = unknown; name = Foundation.ttf; path = "../node_modules/react-native-vector-icons/Fonts/Foundation.ttf"; sourceTree = "<group>"; };
		1F4FF4ACE36D4D62AF6D67AB /* FontAwesome.ttf */ = {isa = PBXFileReference; explicitFileType = undefined; fileEncoding = 9; includeInIndex = 0; lastKnownFileType = unknown; name = FontAwesome.ttf; path = "../node_modules/native-base/Fonts/FontAwesome.ttf"; sourceTree = "<group>"; };
		21524D805BC1453E993F7591 /* Roboto_medium.ttf */ = {isa = PBXFileReference; explicitFileType = undefined; fileEncoding = 9; includeInIndex = 0; lastKnownFileType = unknown; name = Roboto_medium.ttf; path = "../node_modules/native-base/Fonts/Roboto_medium.ttf"; sourceTree = "<group>"; };
		2C1548D9E4CB1AEFA5CCAE6D /* Pods-divvi.debug.xcconfig */ = {isa = PBXFileReference; includeInIndex = 1; lastKnownFileType = text.xcconfig; name = "Pods-divvi.debug.xcconfig"; path = "Pods/Target Support Files/Pods-divvi/Pods-divvi.debug.xcconfig"; sourceTree = "<group>"; };
		2DC7B7B88BD8446F833BE637 /* UdpSockets.xcodeproj */ = {isa = PBXFileReference; explicitFileType = undefined; fileEncoding = 9; includeInIndex = 0; lastKnownFileType = "wrapper.pb-project"; name = UdpSockets.xcodeproj; path = "../node_modules/react-native-udp/ios/UdpSockets.xcodeproj"; sourceTree = "<group>"; };
		2E0422A1F89C4419AEA45F51 /* TcpSockets.xcodeproj */ = {isa = PBXFileReference; explicitFileType = undefined; fileEncoding = 9; includeInIndex = 0; lastKnownFileType = "wrapper.pb-project"; name = TcpSockets.xcodeproj; path = "../node_modules/react-native-tcp/ios/TcpSockets.xcodeproj"; sourceTree = "<group>"; };
		339E8AA3EE75402B92C6E3E6 /* libTcpSockets.a */ = {isa = PBXFileReference; explicitFileType = undefined; fileEncoding = 9; includeInIndex = 0; lastKnownFileType = archive.ar; path = libTcpSockets.a; sourceTree = "<group>"; };
		35B4B67C8B8B43F4820C0F3F /* Roboto.ttf */ = {isa = PBXFileReference; explicitFileType = undefined; fileEncoding = 9; includeInIndex = 0; lastKnownFileType = unknown; name = Roboto.ttf; path = "../node_modules/native-base/Fonts/Roboto.ttf"; sourceTree = "<group>"; };
		372853441F745D1F00F98980 /* libReact.a */ = {isa = PBXFileReference; lastKnownFileType = archive.ar; name = libReact.a; path = "Pods/../build/Debug-iphoneos/React/libReact.a"; sourceTree = "<group>"; };
		37580FA21F74781E00F46E1E /* React.xcodeproj */ = {isa = PBXFileReference; lastKnownFileType = "wrapper.pb-project"; name = React.xcodeproj; path = "../node_modules/react-native/React/React.xcodeproj"; sourceTree = "<group>"; };
		45FB6991D1124B86847C55F3 /* MaterialCommunityIcons.ttf */ = {isa = PBXFileReference; explicitFileType = undefined; fileEncoding = 9; includeInIndex = 0; lastKnownFileType = unknown; name = MaterialCommunityIcons.ttf; path = "../node_modules/react-native-vector-icons/Fonts/MaterialCommunityIcons.ttf"; sourceTree = "<group>"; };
		485388B6A1034206B868CC05 /* MaterialIcons.ttf */ = {isa = PBXFileReference; explicitFileType = undefined; fileEncoding = 9; includeInIndex = 0; lastKnownFileType = unknown; name = MaterialIcons.ttf; path = "../node_modules/native-base/Fonts/MaterialIcons.ttf"; sourceTree = "<group>"; };
		4F2C52EC8D5A4222A63D7AF7 /* SimpleLineIcons.ttf */ = {isa = PBXFileReference; explicitFileType = undefined; fileEncoding = 9; includeInIndex = 0; lastKnownFileType = unknown; name = SimpleLineIcons.ttf; path = "../node_modules/react-native-vector-icons/Fonts/SimpleLineIcons.ttf"; sourceTree = "<group>"; };
		556367B9D9024D25BFEE089A /* RNOS.xcodeproj */ = {isa = PBXFileReference; explicitFileType = undefined; fileEncoding = 9; includeInIndex = 0; lastKnownFileType = "wrapper.pb-project"; name = RNOS.xcodeproj; path = "../node_modules/react-native-os/ios/RNOS.xcodeproj"; sourceTree = "<group>"; };
		611277C6194A4BADAD69BD4F /* Entypo.ttf */ = {isa = PBXFileReference; explicitFileType = undefined; fileEncoding = 9; includeInIndex = 0; lastKnownFileType = unknown; name = Entypo.ttf; path = "../node_modules/react-native-vector-icons/Fonts/Entypo.ttf"; sourceTree = "<group>"; };
		641C20E28FA3452FB999EEC4 /* RNVectorIcons.xcodeproj */ = {isa = PBXFileReference; explicitFileType = undefined; fileEncoding = 9; includeInIndex = 0; lastKnownFileType = "wrapper.pb-project"; name = RNVectorIcons.xcodeproj; path = "../node_modules/react-native-vector-icons/RNVectorIcons.xcodeproj"; sourceTree = "<group>"; };
		7A07819C12494A67ABC056B4 /* libRNRandomBytes.a */ = {isa = PBXFileReference; explicitFileType = undefined; fileEncoding = 9; includeInIndex = 0; lastKnownFileType = archive.ar; path = libRNRandomBytes.a; sourceTree = "<group>"; };
		8CDDCFF534074CDE83A12C45 /* libRNOS.a */ = {isa = PBXFileReference; explicitFileType = undefined; fileEncoding = 9; includeInIndex = 0; lastKnownFileType = archive.ar; path = libRNOS.a; sourceTree = "<group>"; };
		92A8CD45163B4EC388BFCB12 /* MaterialIcons.ttf */ = {isa = PBXFileReference; explicitFileType = undefined; fileEncoding = 9; includeInIndex = 0; lastKnownFileType = unknown; name = MaterialIcons.ttf; path = "../node_modules/react-native-vector-icons/Fonts/MaterialIcons.ttf"; sourceTree = "<group>"; };
		9405EBC944D0455D865415ED /* libUdpSockets.a */ = {isa = PBXFileReference; explicitFileType = undefined; fileEncoding = 9; includeInIndex = 0; lastKnownFileType = archive.ar; path = libUdpSockets.a; sourceTree = "<group>"; };
		A361AFA68C16488AA6D41C19 /* Octicons.ttf */ = {isa = PBXFileReference; explicitFileType = undefined; fileEncoding = 9; includeInIndex = 0; lastKnownFileType = unknown; name = Octicons.ttf; path = "../node_modules/react-native-vector-icons/Fonts/Octicons.ttf"; sourceTree = "<group>"; };
		A42878FF906F41F793EDEA83 /* Octicons.ttf */ = {isa = PBXFileReference; explicitFileType = undefined; fileEncoding = 9; includeInIndex = 0; lastKnownFileType = unknown; name = Octicons.ttf; path = "../node_modules/native-base/Fonts/Octicons.ttf"; sourceTree = "<group>"; };
		A47FE4D7F70906B7DC8CE39B /* Pods-divvi.release.xcconfig */ = {isa = PBXFileReference; includeInIndex = 1; lastKnownFileType = text.xcconfig; name = "Pods-divvi.release.xcconfig"; path = "Pods/Target Support Files/Pods-divvi/Pods-divvi.release.xcconfig"; sourceTree = "<group>"; };
		A80D8D0722CF4E8DA1E80D56 /* rubicon-icon-font.ttf */ = {isa = PBXFileReference; explicitFileType = undefined; fileEncoding = 9; includeInIndex = 0; lastKnownFileType = unknown; name = "rubicon-icon-font.ttf"; path = "../node_modules/native-base/Fonts/rubicon-icon-font.ttf"; sourceTree = "<group>"; };
		AEC3080DB16F4CF0BF1E75D9 /* Ionicons.ttf */ = {isa = PBXFileReference; explicitFileType = undefined; fileEncoding = 9; includeInIndex = 0; lastKnownFileType = unknown; name = Ionicons.ttf; path = "../node_modules/native-base/Fonts/Ionicons.ttf"; sourceTree = "<group>"; };
		AFB3D5BA88584E85B110E20D /* Zocial.ttf */ = {isa = PBXFileReference; explicitFileType = undefined; fileEncoding = 9; includeInIndex = 0; lastKnownFileType = unknown; name = Zocial.ttf; path = "../node_modules/native-base/Fonts/Zocial.ttf"; sourceTree = "<group>"; };
		B1A7161C98984F2A83AA83B4 /* EvilIcons.ttf */ = {isa = PBXFileReference; explicitFileType = undefined; fileEncoding = 9; includeInIndex = 0; lastKnownFileType = unknown; name = EvilIcons.ttf; path = "../node_modules/react-native-vector-icons/Fonts/EvilIcons.ttf"; sourceTree = "<group>"; };
		B501732A1DC01252003445D9 /* EXShell.plist */ = {isa = PBXFileReference; fileEncoding = 4; lastKnownFileType = text.plist.xml; path = EXShell.plist; sourceTree = "<group>"; };
		B56386411DB9693800A0598C /* divvi.app */ = {isa = PBXFileReference; explicitFileType = wrapper.application; includeInIndex = 0; path = divvi.app; sourceTree = BUILT_PRODUCTS_DIR; };
		B56386471DB9693800A0598C /* AppDelegate.h */ = {isa = PBXFileReference; lastKnownFileType = sourcecode.c.h; path = AppDelegate.h; sourceTree = "<group>"; };
		B56386481DB9693800A0598C /* AppDelegate.m */ = {isa = PBXFileReference; lastKnownFileType = sourcecode.c.objc; path = AppDelegate.m; sourceTree = "<group>"; };
		B56386501DB9693800A0598C /* Assets.xcassets */ = {isa = PBXFileReference; lastKnownFileType = folder.assetcatalog; path = Assets.xcassets; sourceTree = "<group>"; };
		B563865C1DB96A5E00A0598C /* Info.plist */ = {isa = PBXFileReference; fileEncoding = 4; lastKnownFileType = text.plist.xml; path = Info.plist; sourceTree = "<group>"; };
		B563865D1DB96A5E00A0598C /* LaunchScreen.storyboard */ = {isa = PBXFileReference; fileEncoding = 4; lastKnownFileType = file.storyboard; path = LaunchScreen.storyboard; sourceTree = "<group>"; };
		B563865E1DB96A5E00A0598C /* main.m */ = {isa = PBXFileReference; fileEncoding = 4; lastKnownFileType = sourcecode.c.objc; path = main.m; sourceTree = "<group>"; };
		B56386661DB9994300A0598C /* EXSDKVersions.plist */ = {isa = PBXFileReference; fileEncoding = 4; lastKnownFileType = text.plist.xml; path = EXSDKVersions.plist; sourceTree = "<group>"; };
		B56AC1071E417996005C22D6 /* kernel-manifest.json */ = {isa = PBXFileReference; fileEncoding = 4; lastKnownFileType = text.json; path = "kernel-manifest.json"; sourceTree = "<group>"; };
		B5CFBF4E1EDE419400B4BE24 /* EXBuildConstants.plist */ = {isa = PBXFileReference; fileEncoding = 4; lastKnownFileType = text.plist.xml; path = EXBuildConstants.plist; sourceTree = "<group>"; };
		B5DB047E1F3A684600E91581 /* shell-app-manifest.json */ = {isa = PBXFileReference; fileEncoding = 4; lastKnownFileType = text.json; path = "shell-app-manifest.json"; sourceTree = "<group>"; };
		B5DB047F1F3A684600E91581 /* shell-app.bundle */ = {isa = PBXFileReference; fileEncoding = 4; lastKnownFileType = text; path = "shell-app.bundle"; sourceTree = "<group>"; };
		B850F02FB1604E9CABB704D8 /* Entypo.ttf */ = {isa = PBXFileReference; explicitFileType = undefined; fileEncoding = 9; includeInIndex = 0; lastKnownFileType = unknown; name = Entypo.ttf; path = "../node_modules/native-base/Fonts/Entypo.ttf"; sourceTree = "<group>"; };
		C4A88D15726AD99E8A257BC7 /* libPods-divvi.a */ = {isa = PBXFileReference; explicitFileType = archive.ar; includeInIndex = 0; path = "libPods-divvi.a"; sourceTree = BUILT_PRODUCTS_DIR; };
		E4F2668CCC054CBC8C93049A /* Zocial.ttf */ = {isa = PBXFileReference; explicitFileType = undefined; fileEncoding = 9; includeInIndex = 0; lastKnownFileType = unknown; name = Zocial.ttf; path = "../node_modules/react-native-vector-icons/Fonts/Zocial.ttf"; sourceTree = "<group>"; };
		E9C7D0DDF1794C9E8A129837 /* EvilIcons.ttf */ = {isa = PBXFileReference; explicitFileType = undefined; fileEncoding = 9; includeInIndex = 0; lastKnownFileType = unknown; name = EvilIcons.ttf; path = "../node_modules/native-base/Fonts/EvilIcons.ttf"; sourceTree = "<group>"; };
		EB50FC8F61E0417689BB9507 /* FontAwesome.ttf */ = {isa = PBXFileReference; explicitFileType = undefined; fileEncoding = 9; includeInIndex = 0; lastKnownFileType = unknown; name = FontAwesome.ttf; path = "../node_modules/react-native-vector-icons/Fonts/FontAwesome.ttf"; sourceTree = "<group>"; };
		F426F4838CAE4BE7BEBFB061 /* Foundation.ttf */ = {isa = PBXFileReference; explicitFileType = undefined; fileEncoding = 9; includeInIndex = 0; lastKnownFileType = unknown; name = Foundation.ttf; path = "../node_modules/native-base/Fonts/Foundation.ttf"; sourceTree = "<group>"; };
		F4936B4EFD1D48238323CFE6 /* libRNVectorIcons.a */ = {isa = PBXFileReference; explicitFileType = undefined; fileEncoding = 9; includeInIndex = 0; lastKnownFileType = archive.ar; path = libRNVectorIcons.a; sourceTree = "<group>"; };
/* End PBXFileReference section */

/* Begin PBXFrameworksBuildPhase section */
		B563863E1DB9693800A0598C /* Frameworks */ = {
			isa = PBXFrameworksBuildPhase;
			buildActionMask = 2147483647;
			files = (
				372853451F745D1F00F98980 /* libReact.a in Frameworks */,
				EBB8117C1BFA0514F79CAF74 /* libPods-divvi.a in Frameworks */,
				B7716893AAD641A19BD5D5C0 /* libRNOS.a in Frameworks */,
				C77D20DE638A4D7ABBAD124F /* libTcpSockets.a in Frameworks */,
				6AE1C583B5CD45ADA26A0B29 /* libUdpSockets.a in Frameworks */,
				1CB2A092F79B4B71AFC44DEC /* libRNVectorIcons.a in Frameworks */,
				5CC131C494344F12B43AF9DB /* libRNRandomBytes.a in Frameworks */,
			);
			runOnlyForDeploymentPostprocessing = 0;
		};
/* End PBXFrameworksBuildPhase section */

/* Begin PBXGroup section */
		1A42804E64B7E9E0AB8B6799 /* Frameworks */ = {
			isa = PBXGroup;
			children = (
				372853441F745D1F00F98980 /* libReact.a */,
				C4A88D15726AD99E8A257BC7 /* libPods-divvi.a */,
			);
			name = Frameworks;
			sourceTree = "<group>";
		};
		37580FA31F74781E00F46E1E /* Products */ = {
			isa = PBXGroup;
			children = (
				37580FB21F74781E00F46E1E /* libReact.a */,
				37580FB41F74781E00F46E1E /* libReact.a */,
				37580FB61F74781E00F46E1E /* libyoga.a */,
				37580FB81F74781E00F46E1E /* libyoga.a */,
				37580FBA1F74781E00F46E1E /* libcxxreact.a */,
				37580FBC1F74781E00F46E1E /* libcxxreact.a */,
				37580FBE1F74781E00F46E1E /* libjschelpers.a */,
				37580FC01F74781E00F46E1E /* libjschelpers.a */,
				37580FC21F74781E00F46E1E /* libthird-party.a */,
				37580FC41F74781E00F46E1E /* libthird-party.a */,
				37580FC61F74781E00F46E1E /* libdouble-conversion.a */,
				37580FC81F74781E00F46E1E /* libdouble-conversion.a */,
			);
			name = Products;
			sourceTree = "<group>";
		};
		3760A3011F742E09000C0458 /* Products */ = {
			isa = PBXGroup;
			children = (
				3760A3111F742E09000C0458 /* libRNOS.a */,
			);
			name = Products;
			sourceTree = "<group>";
		};
		3760A3091F742E09000C0458 /* Products */ = {
			isa = PBXGroup;
			children = (
				3760A3211F742E09000C0458 /* libTcpSockets.a */,
			);
			name = Products;
			sourceTree = "<group>";
		};
		3760A30D1F742E09000C0458 /* Products */ = {
			isa = PBXGroup;
			children = (
				3760A31E1F742E09000C0458 /* libRNVectorIcons.a */,
			);
			name = Products;
			sourceTree = "<group>";
		};
		377EC4D31F74583D00F495DB /* Products */ = {
			isa = PBXGroup;
			children = (
				377EC4D71F74583D00F495DB /* libRNRandomBytes.a */,
			);
			name = Products;
			sourceTree = "<group>";
		};
		377EC4D81F74583D00F495DB /* Products */ = {
			isa = PBXGroup;
			children = (
				377EC4DC1F74583D00F495DB /* libUdpSockets.a */,
			);
			name = Products;
			sourceTree = "<group>";
		};
		3F5DDF20F144453EAE85EF53 /* Resources */ = {
			isa = PBXGroup;
			children = (
				B850F02FB1604E9CABB704D8 /* Entypo.ttf */,
				E9C7D0DDF1794C9E8A129837 /* EvilIcons.ttf */,
				1F4FF4ACE36D4D62AF6D67AB /* FontAwesome.ttf */,
				F426F4838CAE4BE7BEBFB061 /* Foundation.ttf */,
				AEC3080DB16F4CF0BF1E75D9 /* Ionicons.ttf */,
				485388B6A1034206B868CC05 /* MaterialIcons.ttf */,
				A42878FF906F41F793EDEA83 /* Octicons.ttf */,
				21524D805BC1453E993F7591 /* Roboto_medium.ttf */,
				35B4B67C8B8B43F4820C0F3F /* Roboto.ttf */,
				A80D8D0722CF4E8DA1E80D56 /* rubicon-icon-font.ttf */,
				1BF950465D8E4002A5105F86 /* SimpleLineIcons.ttf */,
				AFB3D5BA88584E85B110E20D /* Zocial.ttf */,
				611277C6194A4BADAD69BD4F /* Entypo.ttf */,
				B1A7161C98984F2A83AA83B4 /* EvilIcons.ttf */,
				EB50FC8F61E0417689BB9507 /* FontAwesome.ttf */,
				1CC4FE2AADDA4B95910F70E8 /* Foundation.ttf */,
				01DDF466908F42CAB2445C5C /* Ionicons.ttf */,
				45FB6991D1124B86847C55F3 /* MaterialCommunityIcons.ttf */,
				92A8CD45163B4EC388BFCB12 /* MaterialIcons.ttf */,
				A361AFA68C16488AA6D41C19 /* Octicons.ttf */,
				4F2C52EC8D5A4222A63D7AF7 /* SimpleLineIcons.ttf */,
				E4F2668CCC054CBC8C93049A /* Zocial.ttf */,
				158D75D7F75943999E3DB63C /* Feather.ttf */,
			);
			name = Resources;
			sourceTree = "<group>";
		};
		5B29BC350A332C58878A9F13 /* Pods */ = {
			isa = PBXGroup;
			children = (
				2C1548D9E4CB1AEFA5CCAE6D /* Pods-divvi.debug.xcconfig */,
				A47FE4D7F70906B7DC8CE39B /* Pods-divvi.release.xcconfig */,
			);
			name = Pods;
			sourceTree = "<group>";
		};
		78432C28B03346B5825DB522 /* Libraries */ = {
			isa = PBXGroup;
			children = (
				37580FA21F74781E00F46E1E /* React.xcodeproj */,
				556367B9D9024D25BFEE089A /* RNOS.xcodeproj */,
				2E0422A1F89C4419AEA45F51 /* TcpSockets.xcodeproj */,
				641C20E28FA3452FB999EEC4 /* RNVectorIcons.xcodeproj */,
				1C96D2D5DDB440DABCD1F5BF /* RNRandomBytes.xcodeproj */,
				2DC7B7B88BD8446F833BE637 /* UdpSockets.xcodeproj */,
			);
			name = Libraries;
			sourceTree = "<group>";
		};
		B56386381DB9693800A0598C = {
			isa = PBXGroup;
			children = (
				B56386431DB9693800A0598C /* divvi */,
				B56386421DB9693800A0598C /* Products */,
				5B29BC350A332C58878A9F13 /* Pods */,
				1A42804E64B7E9E0AB8B6799 /* Frameworks */,
				78432C28B03346B5825DB522 /* Libraries */,
				3F5DDF20F144453EAE85EF53 /* Resources */,
			);
			sourceTree = "<group>";
		};
		B56386421DB9693800A0598C /* Products */ = {
			isa = PBXGroup;
			children = (
				B56386411DB9693800A0598C /* divvi.app */,
			);
			name = Products;
			sourceTree = "<group>";
		};
		B56386431DB9693800A0598C /* divvi */ = {
			isa = PBXGroup;
			children = (
				B56386471DB9693800A0598C /* AppDelegate.h */,
				B56386481DB9693800A0598C /* AppDelegate.m */,
				B56386501DB9693800A0598C /* Assets.xcassets */,
				B563865B1DB96A5E00A0598C /* Supporting */,
			);
			path = divvi;
			sourceTree = "<group>";
		};
		B563865B1DB96A5E00A0598C /* Supporting */ = {
			isa = PBXGroup;
			children = (
				B5DB047E1F3A684600E91581 /* shell-app-manifest.json */,
				B5DB047F1F3A684600E91581 /* shell-app.bundle */,
				B5CFBF4E1EDE419400B4BE24 /* EXBuildConstants.plist */,
				B56AC1071E417996005C22D6 /* kernel-manifest.json */,
				B501732A1DC01252003445D9 /* EXShell.plist */,
				B56386661DB9994300A0598C /* EXSDKVersions.plist */,
				B563865C1DB96A5E00A0598C /* Info.plist */,
				B563865D1DB96A5E00A0598C /* LaunchScreen.storyboard */,
				B563865E1DB96A5E00A0598C /* main.m */,
			);
			path = Supporting;
			sourceTree = "<group>";
		};
/* End PBXGroup section */

/* Begin PBXNativeTarget section */
		B56386401DB9693800A0598C /* divvi */ = {
			isa = PBXNativeTarget;
			buildConfigurationList = B56386581DB9693800A0598C /* Build configuration list for PBXNativeTarget "divvi" */;
			buildPhases = (
				23539343DCC44EF8449429EE /* [CP] Check Pods Manifest.lock */,
				B5722AD01DFB7E3F0084848F /* Prepare Expo */,
				B563863D1DB9693800A0598C /* Sources */,
				B563863E1DB9693800A0598C /* Frameworks */,
				B563863F1DB9693800A0598C /* Resources */,
				8D34C7FE3D99F20E5EA1B18A /* [CP] Embed Pods Frameworks */,
				AA38385B7D8D0854176B72FC /* [CP] Copy Pods Resources */,
			);
			buildRules = (
			);
			dependencies = (
			);
			name = divvi;
			productName = divvi;
			productReference = B56386411DB9693800A0598C /* divvi.app */;
			productType = "com.apple.product-type.application";
		};
/* End PBXNativeTarget section */

/* Begin PBXProject section */
		B56386391DB9693800A0598C /* Project object */ = {
			isa = PBXProject;
			attributes = {
				LastUpgradeCheck = 810;
				ORGANIZATIONNAME = "650 Industries, Inc.";
				TargetAttributes = {
					B56386401DB9693800A0598C = {
						CreatedOnToolsVersion = 8.0;
						ProvisioningStyle = Automatic;
					};
				};
			};
			buildConfigurationList = B563863C1DB9693800A0598C /* Build configuration list for PBXProject "divvi" */;
			compatibilityVersion = "Xcode 3.2";
			developmentRegion = English;
			hasScannedForEncodings = 0;
			knownRegions = (
				en,
				Base,
			);
			mainGroup = B56386381DB9693800A0598C;
			productRefGroup = B56386421DB9693800A0598C /* Products */;
			projectDirPath = "";
			projectReferences = (
				{
					ProductGroup = 37580FA31F74781E00F46E1E /* Products */;
					ProjectRef = 37580FA21F74781E00F46E1E /* React.xcodeproj */;
				},
				{
					ProductGroup = 3760A3011F742E09000C0458 /* Products */;
					ProjectRef = 556367B9D9024D25BFEE089A /* RNOS.xcodeproj */;
				},
				{
					ProductGroup = 377EC4D31F74583D00F495DB /* Products */;
					ProjectRef = 1C96D2D5DDB440DABCD1F5BF /* RNRandomBytes.xcodeproj */;
				},
				{
					ProductGroup = 3760A30D1F742E09000C0458 /* Products */;
					ProjectRef = 641C20E28FA3452FB999EEC4 /* RNVectorIcons.xcodeproj */;
				},
				{
					ProductGroup = 3760A3091F742E09000C0458 /* Products */;
					ProjectRef = 2E0422A1F89C4419AEA45F51 /* TcpSockets.xcodeproj */;
				},
				{
					ProductGroup = 377EC4D81F74583D00F495DB /* Products */;
					ProjectRef = 2DC7B7B88BD8446F833BE637 /* UdpSockets.xcodeproj */;
				},
			);
			projectRoot = "";
			targets = (
				B56386401DB9693800A0598C /* divvi */,
			);
		};
/* End PBXProject section */

/* Begin PBXReferenceProxy section */
		37580FB21F74781E00F46E1E /* libReact.a */ = {
			isa = PBXReferenceProxy;
			fileType = archive.ar;
			path = libReact.a;
			remoteRef = 37580FB11F74781E00F46E1E /* PBXContainerItemProxy */;
			sourceTree = BUILT_PRODUCTS_DIR;
		};
		37580FB41F74781E00F46E1E /* libReact.a */ = {
			isa = PBXReferenceProxy;
			fileType = archive.ar;
			path = libReact.a;
			remoteRef = 37580FB31F74781E00F46E1E /* PBXContainerItemProxy */;
			sourceTree = BUILT_PRODUCTS_DIR;
		};
		37580FB61F74781E00F46E1E /* libyoga.a */ = {
			isa = PBXReferenceProxy;
			fileType = archive.ar;
			path = libyoga.a;
			remoteRef = 37580FB51F74781E00F46E1E /* PBXContainerItemProxy */;
			sourceTree = BUILT_PRODUCTS_DIR;
		};
		37580FB81F74781E00F46E1E /* libyoga.a */ = {
			isa = PBXReferenceProxy;
			fileType = archive.ar;
			path = libyoga.a;
			remoteRef = 37580FB71F74781E00F46E1E /* PBXContainerItemProxy */;
			sourceTree = BUILT_PRODUCTS_DIR;
		};
		37580FBA1F74781E00F46E1E /* libcxxreact.a */ = {
			isa = PBXReferenceProxy;
			fileType = archive.ar;
			path = libcxxreact.a;
			remoteRef = 37580FB91F74781E00F46E1E /* PBXContainerItemProxy */;
			sourceTree = BUILT_PRODUCTS_DIR;
		};
		37580FBC1F74781E00F46E1E /* libcxxreact.a */ = {
			isa = PBXReferenceProxy;
			fileType = archive.ar;
			path = libcxxreact.a;
			remoteRef = 37580FBB1F74781E00F46E1E /* PBXContainerItemProxy */;
			sourceTree = BUILT_PRODUCTS_DIR;
		};
		37580FBE1F74781E00F46E1E /* libjschelpers.a */ = {
			isa = PBXReferenceProxy;
			fileType = archive.ar;
			path = libjschelpers.a;
			remoteRef = 37580FBD1F74781E00F46E1E /* PBXContainerItemProxy */;
			sourceTree = BUILT_PRODUCTS_DIR;
		};
		37580FC01F74781E00F46E1E /* libjschelpers.a */ = {
			isa = PBXReferenceProxy;
			fileType = archive.ar;
			path = libjschelpers.a;
			remoteRef = 37580FBF1F74781E00F46E1E /* PBXContainerItemProxy */;
			sourceTree = BUILT_PRODUCTS_DIR;
		};
		37580FC21F74781E00F46E1E /* libthird-party.a */ = {
			isa = PBXReferenceProxy;
			fileType = archive.ar;
			path = "libthird-party.a";
			remoteRef = 37580FC11F74781E00F46E1E /* PBXContainerItemProxy */;
			sourceTree = BUILT_PRODUCTS_DIR;
		};
		37580FC41F74781E00F46E1E /* libthird-party.a */ = {
			isa = PBXReferenceProxy;
			fileType = archive.ar;
			path = "libthird-party.a";
			remoteRef = 37580FC31F74781E00F46E1E /* PBXContainerItemProxy */;
			sourceTree = BUILT_PRODUCTS_DIR;
		};
		37580FC61F74781E00F46E1E /* libdouble-conversion.a */ = {
			isa = PBXReferenceProxy;
			fileType = archive.ar;
			path = "libdouble-conversion.a";
			remoteRef = 37580FC51F74781E00F46E1E /* PBXContainerItemProxy */;
			sourceTree = BUILT_PRODUCTS_DIR;
		};
		37580FC81F74781E00F46E1E /* libdouble-conversion.a */ = {
			isa = PBXReferenceProxy;
			fileType = archive.ar;
			path = "libdouble-conversion.a";
			remoteRef = 37580FC71F74781E00F46E1E /* PBXContainerItemProxy */;
			sourceTree = BUILT_PRODUCTS_DIR;
		};
		3760A3111F742E09000C0458 /* libRNOS.a */ = {
			isa = PBXReferenceProxy;
			fileType = archive.ar;
			path = libRNOS.a;
			remoteRef = 3760A3101F742E09000C0458 /* PBXContainerItemProxy */;
			sourceTree = BUILT_PRODUCTS_DIR;
		};
		3760A31E1F742E09000C0458 /* libRNVectorIcons.a */ = {
			isa = PBXReferenceProxy;
			fileType = archive.ar;
			path = libRNVectorIcons.a;
			remoteRef = 3760A31D1F742E09000C0458 /* PBXContainerItemProxy */;
			sourceTree = BUILT_PRODUCTS_DIR;
		};
		3760A3211F742E09000C0458 /* libTcpSockets.a */ = {
			isa = PBXReferenceProxy;
			fileType = archive.ar;
			path = libTcpSockets.a;
			remoteRef = 3760A3201F742E09000C0458 /* PBXContainerItemProxy */;
			sourceTree = BUILT_PRODUCTS_DIR;
		};
		377EC4D71F74583D00F495DB /* libRNRandomBytes.a */ = {
			isa = PBXReferenceProxy;
			fileType = archive.ar;
			path = libRNRandomBytes.a;
			remoteRef = 377EC4D61F74583D00F495DB /* PBXContainerItemProxy */;
			sourceTree = BUILT_PRODUCTS_DIR;
		};
		377EC4DC1F74583D00F495DB /* libUdpSockets.a */ = {
			isa = PBXReferenceProxy;
			fileType = archive.ar;
			path = libUdpSockets.a;
			remoteRef = 377EC4DB1F74583D00F495DB /* PBXContainerItemProxy */;
			sourceTree = BUILT_PRODUCTS_DIR;
		};
/* End PBXReferenceProxy section */

/* Begin PBXResourcesBuildPhase section */
		B563863F1DB9693800A0598C /* Resources */ = {
			isa = PBXResourcesBuildPhase;
			buildActionMask = 2147483647;
			files = (
				B56AC1081E417996005C22D6 /* kernel-manifest.json in Resources */,
				B501732B1DC01252003445D9 /* EXShell.plist in Resources */,
				B5CFBF4F1EDE419400B4BE24 /* EXBuildConstants.plist in Resources */,
				B56386601DB96A5E00A0598C /* LaunchScreen.storyboard in Resources */,
				B56386671DB9994300A0598C /* EXSDKVersions.plist in Resources */,
				B5DB04801F3A684600E91581 /* shell-app-manifest.json in Resources */,
				B5DB04811F3A684600E91581 /* shell-app.bundle in Resources */,
				B56386511DB9693800A0598C /* Assets.xcassets in Resources */,
				D32C807D517E4DE69E0F2CEB /* Entypo.ttf in Resources */,
				9C251955C0A645CF81C0DAF1 /* EvilIcons.ttf in Resources */,
				DC23AEE798924F9BB4A36ACC /* FontAwesome.ttf in Resources */,
				CD69E77A03DB45029C180E0B /* Foundation.ttf in Resources */,
				4862E83088D347D89505DDF1 /* Ionicons.ttf in Resources */,
				10EA576C894A47BDA1910131 /* MaterialIcons.ttf in Resources */,
				481CA937FCBD4ED7A822BCB5 /* Octicons.ttf in Resources */,
				2FB4CA6DDDBB48D6A70BD73B /* Roboto_medium.ttf in Resources */,
				781A3CBD4658432AA04E4DBC /* Roboto.ttf in Resources */,
				9F68313CE43E493BA5B74A94 /* rubicon-icon-font.ttf in Resources */,
				8B9EB0C416454057B56F3851 /* SimpleLineIcons.ttf in Resources */,
				26A1278ABE0940E3BF293629 /* Zocial.ttf in Resources */,
				A89E0F8C42584FC7A54C41D6 /* Entypo.ttf in Resources */,
				6DEA612AD75542DEB058B501 /* EvilIcons.ttf in Resources */,
				06468D5EDB9446F9B0DD8F7F /* FontAwesome.ttf in Resources */,
				DF7C7F7E367D40B1B0217F58 /* Foundation.ttf in Resources */,
				7C44E4DEAD544AB7829C0EB2 /* Ionicons.ttf in Resources */,
				FA271E692E6E44C684197087 /* MaterialCommunityIcons.ttf in Resources */,
				87D8BBB716144B06ACF8748A /* MaterialIcons.ttf in Resources */,
				DC966CA48FFB49108751D8D4 /* Octicons.ttf in Resources */,
				075ED0C4736C4A5BB10A2433 /* SimpleLineIcons.ttf in Resources */,
				CCC0D38BA0B343F585308C71 /* Zocial.ttf in Resources */,
				98B0E5C413F94E91B1B3FD12 /* Feather.ttf in Resources */,
			);
			runOnlyForDeploymentPostprocessing = 0;
		};
/* End PBXResourcesBuildPhase section */

/* Begin PBXShellScriptBuildPhase section */
		23539343DCC44EF8449429EE /* [CP] Check Pods Manifest.lock */ = {
			isa = PBXShellScriptBuildPhase;
			buildActionMask = 2147483647;
			files = (
			);
			inputPaths = (
				"${PODS_PODFILE_DIR_PATH}/Podfile.lock",
				"${PODS_ROOT}/Manifest.lock",
			);
			name = "[CP] Check Pods Manifest.lock";
			outputPaths = (
				"$(DERIVED_FILE_DIR)/Pods-divvi-checkManifestLockResult.txt",
			);
			runOnlyForDeploymentPostprocessing = 0;
			shellPath = /bin/sh;
			shellScript = "diff \"${PODS_PODFILE_DIR_PATH}/Podfile.lock\" \"${PODS_ROOT}/Manifest.lock\" > /dev/null\nif [ $? != 0 ] ; then\n    # print error to STDERR\n    echo \"error: The sandbox is not in sync with the Podfile.lock. Run 'pod install' or update your CocoaPods installation.\" >&2\n    exit 1\nfi\n# This output is used by Xcode 'outputs' to avoid re-running this script phase.\necho \"SUCCESS\" > \"${SCRIPT_OUTPUT_FILE_0}\"\n";
			showEnvVarsInLog = 0;
		};
		8D34C7FE3D99F20E5EA1B18A /* [CP] Embed Pods Frameworks */ = {
			isa = PBXShellScriptBuildPhase;
			buildActionMask = 2147483647;
			files = (
			);
			inputPaths = (
			);
			name = "[CP] Embed Pods Frameworks";
			outputPaths = (
			);
			runOnlyForDeploymentPostprocessing = 0;
			shellPath = /bin/sh;
			shellScript = "\"${SRCROOT}/Pods/Target Support Files/Pods-divvi/Pods-divvi-frameworks.sh\"\n";
			showEnvVarsInLog = 0;
		};
		AA38385B7D8D0854176B72FC /* [CP] Copy Pods Resources */ = {
			isa = PBXShellScriptBuildPhase;
			buildActionMask = 2147483647;
			files = (
			);
			inputPaths = (
				"${SRCROOT}/Pods/Target Support Files/Pods-divvi/Pods-divvi-resources.sh",
				"${PODS_ROOT}/Amplitude-iOS/Amplitude/api.amplitude.com.der",
				"${PODS_ROOT}/Amplitude-iOS/Amplitude/ComodoCaLimitedRsaCertificationAuthority.der",
				"${PODS_ROOT}/Amplitude-iOS/Amplitude/ComodoRsaCA.der",
				"${PODS_ROOT}/Amplitude-iOS/Amplitude/ComodoRsaDomainValidationCA.der",
				"${PODS_ROOT}/FBSDKCoreKit/FacebookSDKStrings.bundle",
				"${PODS_ROOT}/GPUImage/framework/Resources/lookup.png",
				"${PODS_ROOT}/GPUImage/framework/Resources/lookup_amatorka.png",
				"${PODS_ROOT}/GPUImage/framework/Resources/lookup_miss_etikate.png",
				"${PODS_ROOT}/GPUImage/framework/Resources/lookup_soft_elegance_1.png",
				"${PODS_ROOT}/GPUImage/framework/Resources/lookup_soft_elegance_2.png",
				"${PODS_ROOT}/GoogleAuthUtilities/Frameworks/frameworks/GoogleAuthUtilities.framework/Resources/GTMOAuth2ViewTouch.xib",
				"${PODS_ROOT}/GoogleMaps/Maps/Frameworks/GoogleMaps.framework/Versions/A/Resources/GoogleMaps.bundle",
				"${PODS_ROOT}/GoogleSignIn/Resources/GoogleSignIn.bundle",
			);
			name = "[CP] Copy Pods Resources";
			outputPaths = (
				"${TARGET_BUILD_DIR}/${UNLOCALIZED_RESOURCES_FOLDER_PATH}",
			);
			runOnlyForDeploymentPostprocessing = 0;
			shellPath = /bin/sh;
			shellScript = "\"${SRCROOT}/Pods/Target Support Files/Pods-divvi/Pods-divvi-resources.sh\"\n";
			showEnvVarsInLog = 0;
		};
		B5722AD01DFB7E3F0084848F /* Prepare Expo */ = {
			isa = PBXShellScriptBuildPhase;
			buildActionMask = 2147483647;
			files = (
			);
			inputPaths = (
			);
			name = "Prepare Expo";
			outputPaths = (
			);
			runOnlyForDeploymentPostprocessing = 0;
			shellPath = /bin/bash;
			shellScript = "set -eo pipefail\n\npushd ${SRCROOT}/..\nvalue=$(cat ~/.expo/PATH)\nPATH=\"$PATH:$value\" exp prepare-detached-build --platform ios\npopd\n";
		};
/* End PBXShellScriptBuildPhase section */

/* Begin PBXSourcesBuildPhase section */
		B563863D1DB9693800A0598C /* Sources */ = {
			isa = PBXSourcesBuildPhase;
			buildActionMask = 2147483647;
			files = (
				B56386611DB96A5E00A0598C /* main.m in Sources */,
				B56386491DB9693800A0598C /* AppDelegate.m in Sources */,
			);
			runOnlyForDeploymentPostprocessing = 0;
		};
/* End PBXSourcesBuildPhase section */

/* Begin XCBuildConfiguration section */
		B56386561DB9693800A0598C /* Debug */ = {
			isa = XCBuildConfiguration;
			buildSettings = {
				ALWAYS_SEARCH_USER_PATHS = NO;
				CLANG_ANALYZER_NONNULL = YES;
				CLANG_CXX_LANGUAGE_STANDARD = "gnu++0x";
				CLANG_CXX_LIBRARY = "libc++";
				CLANG_ENABLE_MODULES = YES;
				CLANG_ENABLE_OBJC_ARC = YES;
				CLANG_WARN_BOOL_CONVERSION = YES;
				CLANG_WARN_CONSTANT_CONVERSION = YES;
				CLANG_WARN_DIRECT_OBJC_ISA_USAGE = YES_ERROR;
				CLANG_WARN_DOCUMENTATION_COMMENTS = YES;
				CLANG_WARN_EMPTY_BODY = YES;
				CLANG_WARN_ENUM_CONVERSION = YES;
				CLANG_WARN_INFINITE_RECURSION = YES;
				CLANG_WARN_INT_CONVERSION = YES;
				CLANG_WARN_OBJC_ROOT_CLASS = YES_ERROR;
				CLANG_WARN_SUSPICIOUS_MOVE = YES;
				CLANG_WARN_SUSPICIOUS_MOVES = YES;
				CLANG_WARN_UNREACHABLE_CODE = YES;
				CLANG_WARN__DUPLICATE_METHOD_MATCH = YES;
				"CODE_SIGN_IDENTITY[sdk=iphoneos*]" = "iPhone Developer";
				COPY_PHASE_STRIP = NO;
				DEBUG_INFORMATION_FORMAT = dwarf;
				ENABLE_STRICT_OBJC_MSGSEND = YES;
				ENABLE_TESTABILITY = YES;
				GCC_C_LANGUAGE_STANDARD = gnu99;
				GCC_DYNAMIC_NO_PIC = NO;
				GCC_NO_COMMON_BLOCKS = YES;
				GCC_OPTIMIZATION_LEVEL = 0;
				GCC_PREPROCESSOR_DEFINITIONS = (
					"DEBUG=1",
					"$(inherited)",
				);
				GCC_WARN_64_TO_32_BIT_CONVERSION = YES;
				GCC_WARN_ABOUT_RETURN_TYPE = YES_ERROR;
				GCC_WARN_UNDECLARED_SELECTOR = YES;
				GCC_WARN_UNINITIALIZED_AUTOS = YES_AGGRESSIVE;
				GCC_WARN_UNUSED_FUNCTION = YES;
				GCC_WARN_UNUSED_VARIABLE = YES;
				IPHONEOS_DEPLOYMENT_TARGET = 10.0;
				MTL_ENABLE_DEBUG_INFO = YES;
				ONLY_ACTIVE_ARCH = YES;
				SDKROOT = iphoneos;
			};
			name = Debug;
		};
		B56386571DB9693800A0598C /* Release */ = {
			isa = XCBuildConfiguration;
			buildSettings = {
				ALWAYS_SEARCH_USER_PATHS = NO;
				CLANG_ANALYZER_NONNULL = YES;
				CLANG_CXX_LANGUAGE_STANDARD = "gnu++0x";
				CLANG_CXX_LIBRARY = "libc++";
				CLANG_ENABLE_MODULES = YES;
				CLANG_ENABLE_OBJC_ARC = YES;
				CLANG_WARN_BOOL_CONVERSION = YES;
				CLANG_WARN_CONSTANT_CONVERSION = YES;
				CLANG_WARN_DIRECT_OBJC_ISA_USAGE = YES_ERROR;
				CLANG_WARN_DOCUMENTATION_COMMENTS = YES;
				CLANG_WARN_EMPTY_BODY = YES;
				CLANG_WARN_ENUM_CONVERSION = YES;
				CLANG_WARN_INFINITE_RECURSION = YES;
				CLANG_WARN_INT_CONVERSION = YES;
				CLANG_WARN_OBJC_ROOT_CLASS = YES_ERROR;
				CLANG_WARN_SUSPICIOUS_MOVE = YES;
				CLANG_WARN_SUSPICIOUS_MOVES = YES;
				CLANG_WARN_UNREACHABLE_CODE = YES;
				CLANG_WARN__DUPLICATE_METHOD_MATCH = YES;
				"CODE_SIGN_IDENTITY[sdk=iphoneos*]" = "iPhone Developer";
				COPY_PHASE_STRIP = NO;
				DEBUG_INFORMATION_FORMAT = "dwarf-with-dsym";
				ENABLE_NS_ASSERTIONS = NO;
				ENABLE_STRICT_OBJC_MSGSEND = YES;
				GCC_C_LANGUAGE_STANDARD = gnu99;
				GCC_NO_COMMON_BLOCKS = YES;
				GCC_WARN_64_TO_32_BIT_CONVERSION = YES;
				GCC_WARN_ABOUT_RETURN_TYPE = YES_ERROR;
				GCC_WARN_UNDECLARED_SELECTOR = YES;
				GCC_WARN_UNINITIALIZED_AUTOS = YES_AGGRESSIVE;
				GCC_WARN_UNUSED_FUNCTION = YES;
				GCC_WARN_UNUSED_VARIABLE = YES;
				IPHONEOS_DEPLOYMENT_TARGET = 10.0;
				MTL_ENABLE_DEBUG_INFO = NO;
				SDKROOT = iphoneos;
				VALIDATE_PRODUCT = YES;
			};
			name = Release;
		};
		B56386591DB9693800A0598C /* Debug */ = {
			isa = XCBuildConfiguration;
			baseConfigurationReference = 2C1548D9E4CB1AEFA5CCAE6D /* Pods-divvi.debug.xcconfig */;
			buildSettings = {
				ASSETCATALOG_COMPILER_APPICON_NAME = AppIcon;
				"CODE_SIGN_IDENTITY[sdk=iphoneos*]" = "iPhone Developer";
				DEVELOPMENT_TEAM = "";
				INFOPLIST_FILE = "$(SRCROOT)/divvi/Supporting/Info.plist";
				LD_RUNPATH_SEARCH_PATHS = "$(inherited) @executable_path/Frameworks";
				LIBRARY_SEARCH_PATHS = (
					"$(inherited)",
					"$(PROJECT_DIR)/build/Debug-iphoneos/React",
				);
				ONLY_ACTIVE_ARCH = YES;
				PRODUCT_BUNDLE_IDENTIFIER = com.amandaallen.divvi;
				PRODUCT_NAME = "$(TARGET_NAME)";
				PROVISIONING_PROFILE_SPECIFIER = "";
			};
			name = Debug;
		};
		B563865A1DB9693800A0598C /* Release */ = {
			isa = XCBuildConfiguration;
			baseConfigurationReference = A47FE4D7F70906B7DC8CE39B /* Pods-divvi.release.xcconfig */;
			buildSettings = {
				ASSETCATALOG_COMPILER_APPICON_NAME = AppIcon;
				"CODE_SIGN_IDENTITY[sdk=iphoneos*]" = "iPhone Developer";
				DEVELOPMENT_TEAM = "";
				INFOPLIST_FILE = "$(SRCROOT)/divvi/Supporting/Info.plist";
				LD_RUNPATH_SEARCH_PATHS = "$(inherited) @executable_path/Frameworks";
				LIBRARY_SEARCH_PATHS = (
					"$(inherited)",
					"$(PROJECT_DIR)/build/Debug-iphoneos/React",
				);
				ONLY_ACTIVE_ARCH = YES;
				PRODUCT_BUNDLE_IDENTIFIER = com.amandaallen.divvi;
				PRODUCT_NAME = "$(TARGET_NAME)";
				PROVISIONING_PROFILE_SPECIFIER = "";
			};
			name = Release;
		};
/* End XCBuildConfiguration section */

/* Begin XCConfigurationList section */
		B563863C1DB9693800A0598C /* Build configuration list for PBXProject "divvi" */ = {
			isa = XCConfigurationList;
			buildConfigurations = (
				B56386561DB9693800A0598C /* Debug */,
				B56386571DB9693800A0598C /* Release */,
			);
			defaultConfigurationIsVisible = 0;
			defaultConfigurationName = Release;
		};
		B56386581DB9693800A0598C /* Build configuration list for PBXNativeTarget "divvi" */ = {
			isa = XCConfigurationList;
			buildConfigurations = (
				B56386591DB9693800A0598C /* Debug */,
				B563865A1DB9693800A0598C /* Release */,
			);
			defaultConfigurationIsVisible = 0;
			defaultConfigurationName = Release;
		};
/* End XCConfigurationList section */
	};
	rootObject = B56386391DB9693800A0598C /* Project object */;
}
